{
  "nodes": {
    "cmp-git": {
      "flake": false,
      "locked": {
        "lastModified": 1659918460,
        "narHash": "sha256-/fHoZxtJFG9v1sw/rQU2fa0ybO7bIovvRvY6M/mU5sc=",
        "owner": "petertriho",
        "repo": "cmp-git",
        "rev": "fae6cdb407ad6c63a0b1928670bad1a67a55b887",
        "type": "github"
      },
      "original": {
        "owner": "petertriho",
        "repo": "cmp-git",
        "type": "github"
      }
    },
    "flake-utils": {
      "locked": {
        "lastModified": 1667077288,
        "narHash": "sha256-bdC8sFNDpT0HK74u9fUkpbf1MEzVYJ+ka7NXCdgBoaA=",
        "owner": "numtide",
        "repo": "flake-utils",
        "rev": "6ee9ebb6b1ee695d2cacc4faa053a7b9baa76817",
        "type": "github"
      },
      "original": {
        "owner": "numtide",
        "repo": "flake-utils",
        "type": "github"
      }
    },
    "nixpkgs": {
      "locked": {
        "lastModified": 1667139158,
        "narHash": "sha256-YF56/iU0UC9I5LQBNHl0lOHh8J1KA9C8MWkaS8r626g=",
        "owner": "nixos",
        "repo": "nixpkgs",
        "rev": "ae7bfd185854c8ccf7b29720b783d1c5e8433f34",
        "type": "github"
      },
      "original": {
        "owner": "nixos",
        "repo": "nixpkgs",
        "type": "github"
      }
    },
    "root": {
      "inputs": {
        "cmp-git": "cmp-git",
        "flake-utils": "flake-utils",
        "nixpkgs": "nixpkgs"
      }
    }
  },
  "root": "root",
  "version": 7
}
