{
  "nodes": {
    "cmp-git": {
      "flake": false,
      "locked": {
        "lastModified": 1677538148,
        "narHash": "sha256-pO6suqMdjKOoJtr3wiUYszheSUa5OFdYFlHY8ClSxR4=",
        "owner": "petertriho",
        "repo": "cmp-git",
        "rev": "a798a25b21e7204597f56029af2e8a17d65e2518",
        "type": "github"
      },
      "original": {
        "owner": "petertriho",
        "repo": "cmp-git",
        "type": "github"
      }
    },
    "flake-utils": {
      "locked": {
        "lastModified": 1678901627,
        "narHash": "sha256-U02riOqrKKzwjsxc/400XnElV+UtPUQWpANPlyazjH0=",
        "owner": "numtide",
        "repo": "flake-utils",
        "rev": "93a2b84fc4b70d9e089d029deacc3583435c2ed6",
        "type": "github"
      },
      "original": {
        "owner": "numtide",
        "repo": "flake-utils",
        "type": "github"
      }
    },
    "inc-rename-nvim": {
      "flake": false,
      "locked": {
        "lastModified": 1675011433,
        "narHash": "sha256-KxXVe0amA0tyU6J2M+4XERSyERWS4BqGuxmbJ9YUyRs=",
        "owner": "smjonas",
        "repo": "inc-rename.nvim",
        "rev": "21c23c379342a731a0c90f226601ec0434627b26",
        "type": "github"
      },
      "original": {
        "owner": "smjonas",
        "repo": "inc-rename.nvim",
        "type": "github"
      }
    },
    "leap-nvim": {
      "flake": false,
      "locked": {
        "lastModified": 1678823512,
        "narHash": "sha256-bzmsib8Qr2Whu1FqHzvrsIfSKf/CFutsaM3Sz8gaTLo=",
        "owner": "ggandor",
        "repo": "leap.nvim",
        "rev": "f74473d23ebf60957e0db3ff8172349a82e5a442",
        "type": "github"
      },
      "original": {
        "owner": "ggandor",
        "repo": "leap.nvim",
        "type": "github"
      }
    },
    "mini-move": {
      "flake": false,
      "locked": {
        "lastModified": 1678717913,
        "narHash": "sha256-IxVXbFVxxFV2y9TIZb+9HcSh/jFLjDxNepOip89ri8g=",
        "owner": "echasnovski",
        "repo": "mini.move",
        "rev": "33c54f69a3d72aa3d22c73d1f6b11601d65caff4",
        "type": "github"
      },
      "original": {
        "owner": "echasnovski",
        "repo": "mini.move",
        "type": "github"
      }
    },
    "neotest": {
      "flake": false,
      "locked": {
        "lastModified": 1680469487,
        "narHash": "sha256-Em9Afmsk+DD0TiXcmoR2eSXIpFqtNscBrntNQXBVIUs=",
        "owner": "nvim-neotest",
        "repo": "neotest",
        "rev": "734efe8a2682b6415712933efd19c484c2f8d942",
        "type": "github"
      },
      "original": {
        "owner": "nvim-neotest",
        "repo": "neotest",
        "type": "github"
      }
    },
    "neotest-rust": {
      "flake": false,
      "locked": {
        "lastModified": 1680562743,
        "narHash": "sha256-b0hJhfIDvcuoDHkj0hVY+xYqYjdTuYyZ1/SljLE9K3M=",
        "owner": "rouge8",
        "repo": "neotest-rust",
        "rev": "5bb78ad3c1c11a28a2c48af59056455841e6546f",
        "type": "github"
      },
      "original": {
        "owner": "rouge8",
        "repo": "neotest-rust",
        "type": "github"
      }
    },
    "nixpkgs": {
      "locked": {
        "lastModified": 1680577567,
        "narHash": "sha256-Y4W57i0TzczqwMTjfVSbAZT5RJx7u+mpQIW/ofrkTQs=",
        "owner": "nixos",
        "repo": "nixpkgs",
        "rev": "b01f185e4866de7c5b5a82f833ca9ea3c3f72fc4",
        "type": "github"
      },
      "original": {
        "owner": "nixos",
        "ref": "nixpkgs-unstable",
        "repo": "nixpkgs",
        "type": "github"
      }
    },
    "nvim-ts-rainbow": {
      "flake": false,
      "locked": {
        "lastModified": 1679943698,
        "narHash": "sha256-LYDYweeVrtF/EbeGSixj0EyidSw0NXpypseuyhbyDDE=",
        "owner": "HiPhish",
        "repo": "nvim-ts-rainbow2",
        "rev": "51d835d411df45b14b9531789eff0c590cabf018",
        "type": "github"
      },
      "original": {
        "owner": "HiPhish",
        "repo": "nvim-ts-rainbow2",
        "type": "github"
      }
    },
    "nvim-ufo": {
      "flake": false,
      "locked": {
        "lastModified": 1677830431,
        "narHash": "sha256-3tEC6JWqs32VrINH6YYrQzD6yDtiyTiMVPxWLSfOirs=",
        "owner": "kevinhwang91",
        "repo": "nvim-ufo",
        "rev": "9e829d5cfa3de6a2ff561d86399772b0339ae49d",
        "type": "github"
      },
      "original": {
        "owner": "kevinhwang91",
        "repo": "nvim-ufo",
        "type": "github"
      }
    },
    "promise-async": {
      "flake": false,
      "locked": {
        "lastModified": 1675246102,
        "narHash": "sha256-ozjg+CkuypwEV3uErDszADpnfM1YujfapUS6dFahp4k=",
        "owner": "kevinhwang91",
        "repo": "promise-async",
        "rev": "7fa127fa80e7d4d447e0e2c78e99af4355f4247b",
        "type": "github"
      },
      "original": {
        "owner": "kevinhwang91",
        "repo": "promise-async",
        "type": "github"
      }
    },
    "ranger": {
      "flake": false,
      "locked": {
        "lastModified": 1680518508,
        "narHash": "sha256-HHqlk8c30ZTPD/8iDLsA4Rl9wZhP2yqSRoihlmfMjes=",
        "owner": "ranger",
        "repo": "ranger",
        "rev": "b8340db5e615842aa40c5572db89d469b8fe1c60",
        "type": "github"
      },
      "original": {
        "owner": "ranger",
        "repo": "ranger",
        "type": "github"
      }
    },
    "root": {
      "inputs": {
        "cmp-git": "cmp-git",
        "flake-utils": "flake-utils",
        "inc-rename-nvim": "inc-rename-nvim",
        "leap-nvim": "leap-nvim",
        "mini-move": "mini-move",
        "neotest": "neotest",
        "neotest-rust": "neotest-rust",
        "nixpkgs": "nixpkgs",
        "nvim-ts-rainbow": "nvim-ts-rainbow",
        "nvim-ufo": "nvim-ufo",
        "promise-async": "promise-async",
        "ranger": "ranger",
        "typescript-nvim": "typescript-nvim"
      }
    },
    "typescript-nvim": {
      "flake": false,
      "locked": {
        "lastModified": 1672710615,
        "narHash": "sha256-PHVY5NJbOGvY9p0F0QNSfMKmAWdqjw1RB0Vspq88qMI=",
        "owner": "jose-elias-alvarez",
        "repo": "typescript.nvim",
        "rev": "f66d4472606cb24615dfb7dbc6557e779d177624",
        "type": "github"
      },
      "original": {
        "owner": "jose-elias-alvarez",
        "repo": "typescript.nvim",
        "type": "github"
      }
    }
  },
  "root": "root",
  "version": 7
}
