{
  "nodes": {
    "cmp-git": {
      "flake": false,
      "locked": {
        "lastModified": 1659918460,
        "narHash": "sha256-/fHoZxtJFG9v1sw/rQU2fa0ybO7bIovvRvY6M/mU5sc=",
        "owner": "petertriho",
        "repo": "cmp-git",
        "rev": "fae6cdb407ad6c63a0b1928670bad1a67a55b887",
        "type": "github"
      },
      "original": {
        "owner": "petertriho",
        "repo": "cmp-git",
        "type": "github"
      }
    },
    "flake-utils": {
      "locked": {
        "lastModified": 1667395993,
        "narHash": "sha256-nuEHfE/LcWyuSWnS8t12N1wc105Qtau+/OdUAjtQ0rA=",
        "owner": "numtide",
        "repo": "flake-utils",
        "rev": "5aed5285a952e0b949eb3ba02c12fa4fcfef535f",
        "type": "github"
      },
      "original": {
        "owner": "numtide",
        "repo": "flake-utils",
        "type": "github"
      }
    },
    "inc-rename-nvim": {
      "flake": false,
      "locked": {
        "lastModified": 1667603369,
        "narHash": "sha256-uL+OlBBPeCOUXiB1Y7xmjx6nOGQ5hcq4yeO0Ear8SWI=",
        "owner": "smjonas",
        "repo": "inc-rename.nvim",
        "rev": "48c4aa2be19f79e79b465a9bb37ee9fbe6c606f5",
        "type": "github"
      },
      "original": {
        "owner": "smjonas",
        "repo": "inc-rename.nvim",
        "type": "github"
      }
    },
    "leap-nvim": {
      "flake": false,
      "locked": {
        "lastModified": 1667950522,
        "narHash": "sha256-J5CyNJdj8gWLAa/0u5woACm81BG42g1DgSCkhOOvsvE=",
        "owner": "ggandor",
        "repo": "leap.nvim",
        "rev": "c19e974cfd9d52dc5070ec7b68183da39702c877",
        "type": "github"
      },
      "original": {
        "owner": "ggandor",
        "repo": "leap.nvim",
        "type": "github"
      }
    },
    "neotest": {
      "flake": false,
      "locked": {
        "lastModified": 1668417824,
        "narHash": "sha256-aY4mqX6uYq1iNJH0YEZpfZU54oBU3iq+DGYAfm/iNTg=",
        "owner": "nvim-neotest",
        "repo": "neotest",
        "rev": "779e04fdadadcad9cdca1a2d4feb2420364cdb99",
        "type": "github"
      },
      "original": {
        "owner": "nvim-neotest",
        "repo": "neotest",
        "type": "github"
      }
    },
    "neotest-rust": {
      "flake": false,
      "locked": {
        "lastModified": 1667835122,
        "narHash": "sha256-KhZQ5vptJhiVgoM1Un35u+OeKsPB1v0DP1eADWXjj60=",
        "owner": "rouge8",
        "repo": "neotest-rust",
        "rev": "31d4084c0ddb0f4adc7ce5b99f29d6af591a38f6",
        "type": "github"
      },
      "original": {
        "owner": "rouge8",
        "repo": "neotest-rust",
        "type": "github"
      }
    },
    "nixpkgs": {
      "locked": {
        "lastModified": 1668429340,
        "narHash": "sha256-d5MlqziFrL7CJDH8EhJHCkhaLRGdEsUrZSP7v0dvrF4=",
        "owner": "nixos",
        "repo": "nixpkgs",
        "rev": "eaae07772448133aed18f77d714ff9d803e9f52b",
        "type": "github"
      },
      "original": {
        "owner": "nixos",
        "repo": "nixpkgs",
        "type": "github"
      }
    },
    "nvim-semantic-tokens": {
      "flake": false,
      "locked": {
        "lastModified": 1664933150,
        "narHash": "sha256-jgq+/MvGFFC/DlaiX5Uu1/wT0dZJCxQ472D/gnVEDDQ=",
        "owner": "theHamsta",
        "repo": "nvim-semantic-tokens",
        "rev": "c3c19dcfe2d8c22708f4be4738730b6fe0c64097",
        "type": "github"
      },
      "original": {
        "owner": "theHamsta",
        "repo": "nvim-semantic-tokens",
        "type": "github"
      }
    },
    "root": {
      "inputs": {
        "cmp-git": "cmp-git",
        "flake-utils": "flake-utils",
        "inc-rename-nvim": "inc-rename-nvim",
        "leap-nvim": "leap-nvim",
        "neotest": "neotest",
        "neotest-rust": "neotest-rust",
        "nixpkgs": "nixpkgs",
        "nvim-semantic-tokens": "nvim-semantic-tokens"
      }
    }
  },
  "root": "root",
  "version": 7
}
